// !$*UTF8*$!
{
	archiveVersion = 1;
	classes = {
	};
	objectVersion = 46;
	objects = {

/* Begin PBXBuildFile section */
		0DB49858143E64D5008815EB /* UIKit.framework in Frameworks */ = {isa = PBXBuildFile; fileRef = 0DB49857143E64D5008815EB /* UIKit.framework */; };
		0DB4985A143E64D5008815EB /* Foundation.framework in Frameworks */ = {isa = PBXBuildFile; fileRef = 0DB49859143E64D5008815EB /* Foundation.framework */; };
		0DB4985C143E64D5008815EB /* CoreGraphics.framework in Frameworks */ = {isa = PBXBuildFile; fileRef = 0DB4985B143E64D5008815EB /* CoreGraphics.framework */; };
		0DB49862143E64D5008815EB /* InfoPlist.strings in Resources */ = {isa = PBXBuildFile; fileRef = 0DB49860143E64D5008815EB /* InfoPlist.strings */; };
		0DB49864143E64D5008815EB /* main.m in Sources */ = {isa = PBXBuildFile; fileRef = 0DB49863143E64D5008815EB /* main.m */; };
		0DB49868143E64D5008815EB /* TweezerAppDelegate.m in Sources */ = {isa = PBXBuildFile; fileRef = 0DB49867143E64D5008815EB /* TweezerAppDelegate.m */; };
		0DB4986B143E64D5008815EB /* TweezerViewController.m in Sources */ = {isa = PBXBuildFile; fileRef = 0DB4986A143E64D5008815EB /* TweezerViewController.m */; };
		0DB4986E143E64D5008815EB /* TweezerViewController.xib in Resources */ = {isa = PBXBuildFile; fileRef = 0DB4986C143E64D5008815EB /* TweezerViewController.xib */; };
		0DB49876143E64D5008815EB /* SenTestingKit.framework in Frameworks */ = {isa = PBXBuildFile; fileRef = 0DB49875143E64D5008815EB /* SenTestingKit.framework */; };
		0DB49877143E64D5008815EB /* UIKit.framework in Frameworks */ = {isa = PBXBuildFile; fileRef = 0DB49857143E64D5008815EB /* UIKit.framework */; };
		0DB49878143E64D5008815EB /* Foundation.framework in Frameworks */ = {isa = PBXBuildFile; fileRef = 0DB49859143E64D5008815EB /* Foundation.framework */; };
		0DB49879143E64D5008815EB /* CoreGraphics.framework in Frameworks */ = {isa = PBXBuildFile; fileRef = 0DB4985B143E64D5008815EB /* CoreGraphics.framework */; };
		0DB49881143E64D5008815EB /* InfoPlist.strings in Resources */ = {isa = PBXBuildFile; fileRef = 0DB4987F143E64D5008815EB /* InfoPlist.strings */; };
		0DB49884143E64D5008815EB /* TweezerTests.m in Sources */ = {isa = PBXBuildFile; fileRef = 0DB49883143E64D5008815EB /* TweezerTests.m */; };
/* End PBXBuildFile section */

/* Begin PBXContainerItemProxy section */
		0DB4987A143E64D5008815EB /* PBXContainerItemProxy */ = {
			isa = PBXContainerItemProxy;
			containerPortal = 0DB4984A143E64D5008815EB /* Project object */;
			proxyType = 1;
			remoteGlobalIDString = 0DB49852143E64D5008815EB;
			remoteInfo = Tweezer;
		};
/* End PBXContainerItemProxy section */

/* Begin PBXFileReference section */
		0DB49853143E64D5008815EB /* Tweezer.app */ = {isa = PBXFileReference; explicitFileType = wrapper.application; includeInIndex = 0; path = Tweezer.app; sourceTree = BUILT_PRODUCTS_DIR; };
		0DB49857143E64D5008815EB /* UIKit.framework */ = {isa = PBXFileReference; lastKnownFileType = wrapper.framework; name = UIKit.framework; path = System/Library/Frameworks/UIKit.framework; sourceTree = SDKROOT; };
		0DB49859143E64D5008815EB /* Foundation.framework */ = {isa = PBXFileReference; lastKnownFileType = wrapper.framework; name = Foundation.framework; path = System/Library/Frameworks/Foundation.framework; sourceTree = SDKROOT; };
		0DB4985B143E64D5008815EB /* CoreGraphics.framework */ = {isa = PBXFileReference; lastKnownFileType = wrapper.framework; name = CoreGraphics.framework; path = System/Library/Frameworks/CoreGraphics.framework; sourceTree = SDKROOT; };
		0DB4985F143E64D5008815EB /* Tweezer-Info.plist */ = {isa = PBXFileReference; lastKnownFileType = text.plist.xml; path = "Tweezer-Info.plist"; sourceTree = "<group>"; };
		0DB49861143E64D5008815EB /* en */ = {isa = PBXFileReference; lastKnownFileType = text.plist.strings; name = en; path = en.lproj/InfoPlist.strings; sourceTree = "<group>"; };
		0DB49863143E64D5008815EB /* main.m */ = {isa = PBXFileReference; lastKnownFileType = sourcecode.c.objc; path = main.m; sourceTree = "<group>"; };
		0DB49865143E64D5008815EB /* Tweezer-Prefix.pch */ = {isa = PBXFileReference; lastKnownFileType = sourcecode.c.h; path = "Tweezer-Prefix.pch"; sourceTree = "<group>"; };
		0DB49866143E64D5008815EB /* TweezerAppDelegate.h */ = {isa = PBXFileReference; lastKnownFileType = sourcecode.c.h; path = TweezerAppDelegate.h; sourceTree = "<group>"; };
		0DB49867143E64D5008815EB /* TweezerAppDelegate.m */ = {isa = PBXFileReference; lastKnownFileType = sourcecode.c.objc; path = TweezerAppDelegate.m; sourceTree = "<group>"; };
		0DB49869143E64D5008815EB /* TweezerViewController.h */ = {isa = PBXFileReference; lastKnownFileType = sourcecode.c.h; path = TweezerViewController.h; sourceTree = "<group>"; };
		0DB4986A143E64D5008815EB /* TweezerViewController.m */ = {isa = PBXFileReference; lastKnownFileType = sourcecode.c.objc; path = TweezerViewController.m; sourceTree = "<group>"; };
		0DB4986D143E64D5008815EB /* en */ = {isa = PBXFileReference; lastKnownFileType = file.xib; name = en; path = en.lproj/TweezerViewController.xib; sourceTree = "<group>"; };
		0DB49874143E64D5008815EB /* TweezerTests.octest */ = {isa = PBXFileReference; explicitFileType = wrapper.cfbundle; includeInIndex = 0; path = TweezerTests.octest; sourceTree = BUILT_PRODUCTS_DIR; };
		0DB49875143E64D5008815EB /* SenTestingKit.framework */ = {isa = PBXFileReference; lastKnownFileType = wrapper.framework; name = SenTestingKit.framework; path = Library/Frameworks/SenTestingKit.framework; sourceTree = DEVELOPER_DIR; };
		0DB4987E143E64D5008815EB /* TweezerTests-Info.plist */ = {isa = PBXFileReference; lastKnownFileType = text.plist.xml; path = "TweezerTests-Info.plist"; sourceTree = "<group>"; };
		0DB49880143E64D5008815EB /* en */ = {isa = PBXFileReference; lastKnownFileType = text.plist.strings; name = en; path = en.lproj/InfoPlist.strings; sourceTree = "<group>"; };
		0DB49882143E64D5008815EB /* TweezerTests.h */ = {isa = PBXFileReference; lastKnownFileType = sourcecode.c.h; path = TweezerTests.h; sourceTree = "<group>"; };
		0DB49883143E64D5008815EB /* TweezerTests.m */ = {isa = PBXFileReference; lastKnownFileType = sourcecode.c.objc; path = TweezerTests.m; sourceTree = "<group>"; };
/* End PBXFileReference section */

/* Begin PBXFrameworksBuildPhase section */
		0DB49850143E64D5008815EB /* Frameworks */ = {
			isa = PBXFrameworksBuildPhase;
			buildActionMask = 2147483647;
			files = (
				0DB49858143E64D5008815EB /* UIKit.framework in Frameworks */,
				0DB4985A143E64D5008815EB /* Foundation.framework in Frameworks */,
				0DB4985C143E64D5008815EB /* CoreGraphics.framework in Frameworks */,
			);
			runOnlyForDeploymentPostprocessing = 0;
		};
		0DB49870143E64D5008815EB /* Frameworks */ = {
			isa = PBXFrameworksBuildPhase;
			buildActionMask = 2147483647;
			files = (
				0DB49876143E64D5008815EB /* SenTestingKit.framework in Frameworks */,
				0DB49877143E64D5008815EB /* UIKit.framework in Frameworks */,
				0DB49878143E64D5008815EB /* Foundation.framework in Frameworks */,
				0DB49879143E64D5008815EB /* CoreGraphics.framework in Frameworks */,
			);
			runOnlyForDeploymentPostprocessing = 0;
		};
/* End PBXFrameworksBuildPhase section */

/* Begin PBXGroup section */
		0DB49848143E64D5008815EB = {
			isa = PBXGroup;
			children = (
				0DB4985D143E64D5008815EB /* Tweezer */,
				0DB4987C143E64D5008815EB /* TweezerTests */,
				0DB49856143E64D5008815EB /* Frameworks */,
				0DB49854143E64D5008815EB /* Products */,
			);
			sourceTree = "<group>";
		};
		0DB49854143E64D5008815EB /* Products */ = {
			isa = PBXGroup;
			children = (
				0DB49853143E64D5008815EB /* Tweezer.app */,
				0DB49874143E64D5008815EB /* TweezerTests.octest */,
			);
			name = Products;
			sourceTree = "<group>";
		};
		0DB49856143E64D5008815EB /* Frameworks */ = {
			isa = PBXGroup;
			children = (
				0DB49857143E64D5008815EB /* UIKit.framework */,
				0DB49859143E64D5008815EB /* Foundation.framework */,
				0DB4985B143E64D5008815EB /* CoreGraphics.framework */,
				0DB49875143E64D5008815EB /* SenTestingKit.framework */,
			);
			name = Frameworks;
			sourceTree = "<group>";
		};
		0DB4985D143E64D5008815EB /* Tweezer */ = {
			isa = PBXGroup;
			children = (
				0DB49866143E64D5008815EB /* TweezerAppDelegate.h */,
				0DB49867143E64D5008815EB /* TweezerAppDelegate.m */,
				0DB49869143E64D5008815EB /* TweezerViewController.h */,
				0DB4986A143E64D5008815EB /* TweezerViewController.m */,
				0DB4986C143E64D5008815EB /* TweezerViewController.xib */,
				0DB4985E143E64D5008815EB /* Supporting Files */,
			);
			path = Tweezer;
			sourceTree = "<group>";
		};
		0DB4985E143E64D5008815EB /* Supporting Files */ = {
			isa = PBXGroup;
			children = (
				0DB4985F143E64D5008815EB /* Tweezer-Info.plist */,
				0DB49860143E64D5008815EB /* InfoPlist.strings */,
				0DB49863143E64D5008815EB /* main.m */,
				0DB49865143E64D5008815EB /* Tweezer-Prefix.pch */,
			);
			name = "Supporting Files";
			sourceTree = "<group>";
		};
		0DB4987C143E64D5008815EB /* TweezerTests */ = {
			isa = PBXGroup;
			children = (
				0DB49882143E64D5008815EB /* TweezerTests.h */,
				0DB49883143E64D5008815EB /* TweezerTests.m */,
				0DB4987D143E64D5008815EB /* Supporting Files */,
			);
			path = TweezerTests;
			sourceTree = "<group>";
		};
		0DB4987D143E64D5008815EB /* Supporting Files */ = {
			isa = PBXGroup;
			children = (
				0DB4987E143E64D5008815EB /* TweezerTests-Info.plist */,
				0DB4987F143E64D5008815EB /* InfoPlist.strings */,
			);
			name = "Supporting Files";
			sourceTree = "<group>";
		};
/* End PBXGroup section */

/* Begin PBXNativeTarget section */
		0DB49852143E64D5008815EB /* Tweezer */ = {
			isa = PBXNativeTarget;
			buildConfigurationList = 0DB49887143E64D5008815EB /* Build configuration list for PBXNativeTarget "Tweezer" */;
			buildPhases = (
				0DB4984F143E64D5008815EB /* Sources */,
				0DB49850143E64D5008815EB /* Frameworks */,
				0DB49851143E64D5008815EB /* Resources */,
			);
			buildRules = (
			);
			dependencies = (
			);
			name = Tweezer;
			productName = Tweezer;
			productReference = 0DB49853143E64D5008815EB /* Tweezer.app */;
			productType = "com.apple.product-type.application";
		};
		0DB49873143E64D5008815EB /* TweezerTests */ = {
			isa = PBXNativeTarget;
			buildConfigurationList = 0DB4988A143E64D5008815EB /* Build configuration list for PBXNativeTarget "TweezerTests" */;
			buildPhases = (
				0DB4986F143E64D5008815EB /* Sources */,
				0DB49870143E64D5008815EB /* Frameworks */,
				0DB49871143E64D5008815EB /* Resources */,
				0DB49872143E64D5008815EB /* ShellScript */,
			);
			buildRules = (
			);
			dependencies = (
				0DB4987B143E64D5008815EB /* PBXTargetDependency */,
			);
			name = TweezerTests;
			productName = TweezerTests;
			productReference = 0DB49874143E64D5008815EB /* TweezerTests.octest */;
			productType = "com.apple.product-type.bundle";
		};
/* End PBXNativeTarget section */

/* Begin PBXProject section */
		0DB4984A143E64D5008815EB /* Project object */ = {
			isa = PBXProject;
			attributes = {
				LastUpgradeCheck = 0420;
				ORGANIZATIONNAME = "Übermind, Inc.";
			};
			buildConfigurationList = 0DB4984D143E64D5008815EB /* Build configuration list for PBXProject "Tweezer" */;
			compatibilityVersion = "Xcode 3.2";
			developmentRegion = English;
			hasScannedForEncodings = 0;
			knownRegions = (
				en,
			);
			mainGroup = 0DB49848143E64D5008815EB;
			productRefGroup = 0DB49854143E64D5008815EB /* Products */;
			projectDirPath = "";
			projectRoot = "";
			targets = (
				0DB49852143E64D5008815EB /* Tweezer */,
				0DB49873143E64D5008815EB /* TweezerTests */,
			);
		};
/* End PBXProject section */

/* Begin PBXResourcesBuildPhase section */
		0DB49851143E64D5008815EB /* Resources */ = {
			isa = PBXResourcesBuildPhase;
			buildActionMask = 2147483647;
			files = (
				0DB49862143E64D5008815EB /* InfoPlist.strings in Resources */,
				0DB4986E143E64D5008815EB /* TweezerViewController.xib in Resources */,
			);
			runOnlyForDeploymentPostprocessing = 0;
		};
		0DB49871143E64D5008815EB /* Resources */ = {
			isa = PBXResourcesBuildPhase;
			buildActionMask = 2147483647;
			files = (
				0DB49881143E64D5008815EB /* InfoPlist.strings in Resources */,
			);
			runOnlyForDeploymentPostprocessing = 0;
		};
/* End PBXResourcesBuildPhase section */

/* Begin PBXShellScriptBuildPhase section */
		0DB49872143E64D5008815EB /* ShellScript */ = {
			isa = PBXShellScriptBuildPhase;
			buildActionMask = 2147483647;
			files = (
			);
			inputPaths = (
			);
			outputPaths = (
			);
			runOnlyForDeploymentPostprocessing = 0;
			shellPath = /bin/sh;
			shellScript = "# Run the unit tests in this test bundle.\n\"${SYSTEM_DEVELOPER_DIR}/Tools/RunUnitTests\"\n";
		};
/* End PBXShellScriptBuildPhase section */

/* Begin PBXSourcesBuildPhase section */
		0DB4984F143E64D5008815EB /* Sources */ = {
			isa = PBXSourcesBuildPhase;
			buildActionMask = 2147483647;
			files = (
				0DB49864143E64D5008815EB /* main.m in Sources */,
				0DB49868143E64D5008815EB /* TweezerAppDelegate.m in Sources */,
				0DB4986B143E64D5008815EB /* TweezerViewController.m in Sources */,
			);
			runOnlyForDeploymentPostprocessing = 0;
		};
		0DB4986F143E64D5008815EB /* Sources */ = {
			isa = PBXSourcesBuildPhase;
			buildActionMask = 2147483647;
			files = (
				0DB49884143E64D5008815EB /* TweezerTests.m in Sources */,
			);
			runOnlyForDeploymentPostprocessing = 0;
		};
/* End PBXSourcesBuildPhase section */

/* Begin PBXTargetDependency section */
		0DB4987B143E64D5008815EB /* PBXTargetDependency */ = {
			isa = PBXTargetDependency;
			target = 0DB49852143E64D5008815EB /* Tweezer */;
			targetProxy = 0DB4987A143E64D5008815EB /* PBXContainerItemProxy */;
		};
/* End PBXTargetDependency section */

/* Begin PBXVariantGroup section */
		0DB49860143E64D5008815EB /* InfoPlist.strings */ = {
			isa = PBXVariantGroup;
			children = (
				0DB49861143E64D5008815EB /* en */,
			);
			name = InfoPlist.strings;
			sourceTree = "<group>";
		};
		0DB4986C143E64D5008815EB /* TweezerViewController.xib */ = {
			isa = PBXVariantGroup;
			children = (
				0DB4986D143E64D5008815EB /* en */,
			);
			name = TweezerViewController.xib;
			sourceTree = "<group>";
		};
		0DB4987F143E64D5008815EB /* InfoPlist.strings */ = {
			isa = PBXVariantGroup;
			children = (
				0DB49880143E64D5008815EB /* en */,
			);
			name = InfoPlist.strings;
			sourceTree = "<group>";
		};
/* End PBXVariantGroup section */

/* Begin XCBuildConfiguration section */
		0DB49885143E64D5008815EB /* Debug */ = {
			isa = XCBuildConfiguration;
			buildSettings = {
				ALWAYS_SEARCH_USER_PATHS = NO;
				ARCHS = "$(ARCHS_STANDARD_32_BIT)";
				CLANG_ENABLE_OBJC_ARC = YES;
				"CODE_SIGN_IDENTITY[sdk=iphoneos*]" = "iPhone Developer";
				COPY_PHASE_STRIP = NO;
				GCC_C_LANGUAGE_STANDARD = gnu99;
				GCC_DYNAMIC_NO_PIC = NO;
				GCC_OPTIMIZATION_LEVEL = 0;
				GCC_PREPROCESSOR_DEFINITIONS = (
					"DEBUG=1",
					"$(inherited)",
				);
				GCC_SYMBOLS_PRIVATE_EXTERN = NO;
				GCC_VERSION = com.apple.compilers.llvm.clang.1_0;
				GCC_WARN_ABOUT_MISSING_PROTOTYPES = YES;
				GCC_WARN_ABOUT_RETURN_TYPE = YES;
				GCC_WARN_UNUSED_VARIABLE = YES;
				IPHONEOS_DEPLOYMENT_TARGET = 5.0;
				SDKROOT = iphoneos;
			};
			name = Debug;
		};
		0DB49886143E64D5008815EB /* Release */ = {
			isa = XCBuildConfiguration;
			buildSettings = {
				ALWAYS_SEARCH_USER_PATHS = NO;
				ARCHS = "$(ARCHS_STANDARD_32_BIT)";
				CLANG_ENABLE_OBJC_ARC = YES;
				"CODE_SIGN_IDENTITY[sdk=iphoneos*]" = "iPhone Developer";
				COPY_PHASE_STRIP = YES;
				GCC_C_LANGUAGE_STANDARD = gnu99;
				GCC_VERSION = com.apple.compilers.llvm.clang.1_0;
				GCC_WARN_ABOUT_MISSING_PROTOTYPES = YES;
				GCC_WARN_ABOUT_RETURN_TYPE = YES;
				GCC_WARN_UNUSED_VARIABLE = YES;
				IPHONEOS_DEPLOYMENT_TARGET = 5.0;
				OTHER_CFLAGS = "-DNS_BLOCK_ASSERTIONS=1";
				SDKROOT = iphoneos;
				VALIDATE_PRODUCT = YES;
			};
			name = Release;
		};
		0DB49888143E64D5008815EB /* Debug */ = {
			isa = XCBuildConfiguration;
			buildSettings = {
				GCC_PRECOMPILE_PREFIX_HEADER = YES;
				GCC_PREFIX_HEADER = "Tweezer/Tweezer-Prefix.pch";
				INFOPLIST_FILE = "Tweezer/Tweezer-Info.plist";
				PRODUCT_NAME = "$(TARGET_NAME)";
				WRAPPER_EXTENSION = app;
			};
			name = Debug;
		};
		0DB49889143E64D5008815EB /* Release */ = {
			isa = XCBuildConfiguration;
			buildSettings = {
				GCC_PRECOMPILE_PREFIX_HEADER = YES;
				GCC_PREFIX_HEADER = "Tweezer/Tweezer-Prefix.pch";
				INFOPLIST_FILE = "Tweezer/Tweezer-Info.plist";
				PRODUCT_NAME = "$(TARGET_NAME)";
				WRAPPER_EXTENSION = app;
			};
			name = Release;
		};
		0DB4988B143E64D5008815EB /* Debug */ = {
			isa = XCBuildConfiguration;
			buildSettings = {
				BUNDLE_LOADER = "$(BUILT_PRODUCTS_DIR)/Tweezer.app/Tweezer";
				FRAMEWORK_SEARCH_PATHS = (
					"$(SDKROOT)/Developer/Library/Frameworks",
					"$(DEVELOPER_LIBRARY_DIR)/Frameworks",
				);
				GCC_PRECOMPILE_PREFIX_HEADER = YES;
				GCC_PREFIX_HEADER = "Tweezer/Tweezer-Prefix.pch";
				INFOPLIST_FILE = "TweezerTests/TweezerTests-Info.plist";
				PRODUCT_NAME = "$(TARGET_NAME)";
				TEST_HOST = "$(BUNDLE_LOADER)";
				WRAPPER_EXTENSION = octest;
			};
			name = Debug;
		};
		0DB4988C143E64D5008815EB /* Release */ = {
			isa = XCBuildConfiguration;
			buildSettings = {
				BUNDLE_LOADER = "$(BUILT_PRODUCTS_DIR)/Tweezer.app/Tweezer";
				FRAMEWORK_SEARCH_PATHS = (
					"$(SDKROOT)/Developer/Library/Frameworks",
					"$(DEVELOPER_LIBRARY_DIR)/Frameworks",
				);
				GCC_PRECOMPILE_PREFIX_HEADER = YES;
				GCC_PREFIX_HEADER = "Tweezer/Tweezer-Prefix.pch";
				INFOPLIST_FILE = "TweezerTests/TweezerTests-Info.plist";
				PRODUCT_NAME = "$(TARGET_NAME)";
				TEST_HOST = "$(BUNDLE_LOADER)";
				WRAPPER_EXTENSION = octest;
			};
			name = Release;
		};
/* End XCBuildConfiguration section */

/* Begin XCConfigurationList section */
		0DB4984D143E64D5008815EB /* Build configuration list for PBXProject "Tweezer" */ = {
			isa = XCConfigurationList;
			buildConfigurations = (
				0DB49885143E64D5008815EB /* Debug */,
				0DB49886143E64D5008815EB /* Release */,
			);
			defaultConfigurationIsVisible = 0;
			defaultConfigurationName = Release;
		};
		0DB49887143E64D5008815EB /* Build configuration list for PBXNativeTarget "Tweezer" */ = {
			isa = XCConfigurationList;
			buildConfigurations = (
				0DB49888143E64D5008815EB /* Debug */,
				0DB49889143E64D5008815EB /* Release */,
			);
			defaultConfigurationIsVisible = 0;
		};
		0DB4988A143E64D5008815EB /* Build configuration list for PBXNativeTarget "TweezerTests" */ = {
			isa = XCConfigurationList;
			buildConfigurations = (
				0DB4988B143E64D5008815EB /* Debug */,
				0DB4988C143E64D5008815EB /* Release */,
			);
			defaultConfigurationIsVisible = 0;
		};
/* End XCConfigurationList section */
	};
	rootObject = 0DB4984A143E64D5008815EB /* Project object */;
}
