// !$*UTF8*$!
{
	archiveVersion = 1;
	classes = {
	};
	objectVersion = 46;
	objects = {

/* Begin PBXBuildFile section */
		0D0F5D26144773490081E352 /* TWZTextAnimationView.m in Sources */ = {isa = PBXBuildFile; fileRef = 0D0F5D25144773490081E352 /* TWZTextAnimationView.m */; };
		0D0F5D28144776050081E352 /* CoreText.framework in Frameworks */ = {isa = PBXBuildFile; fileRef = 0D0F5D27144776050081E352 /* CoreText.framework */; };
		0D0F5D2A1447A6C30081E352 /* QuartzCore.framework in Frameworks */ = {isa = PBXBuildFile; fileRef = 0D0F5D291447A6C30081E352 /* QuartzCore.framework */; };
		0D0F5D2E1447AC100081E352 /* TWZGlyphLayer.m in Sources */ = {isa = PBXBuildFile; fileRef = 0D0F5D2D1447AC100081E352 /* TWZGlyphLayer.m */; };
		0D18C89614439F0A00929215 /* TWZSettingsViewController.m in Sources */ = {isa = PBXBuildFile; fileRef = 0D18C89414439F0A00929215 /* TWZSettingsViewController.m */; };
		0D18C89714439F0A00929215 /* TWZSettingsViewController.xib in Resources */ = {isa = PBXBuildFile; fileRef = 0D18C89514439F0A00929215 /* TWZSettingsViewController.xib */; };
		0D18C89B1443A49A00929215 /* TWZSourceEditorViewController.m in Sources */ = {isa = PBXBuildFile; fileRef = 0D18C8991443A49900929215 /* TWZSourceEditorViewController.m */; };
		0D18C89C1443A49A00929215 /* TWZSourceEditorViewController.xib in Resources */ = {isa = PBXBuildFile; fileRef = 0D18C89A1443A49A00929215 /* TWZSourceEditorViewController.xib */; };
		0D18C89F1443B21300929215 /* checkmark.png in Resources */ = {isa = PBXBuildFile; fileRef = 0D18C89E1443B21300929215 /* checkmark.png */; };
		0D18C8A21443B57600929215 /* TWZSourcePreset.m in Sources */ = {isa = PBXBuildFile; fileRef = 0D18C8A11443B57600929215 /* TWZSourcePreset.m */; };
		0D18C8AB1443C00300929215 /* TWZSettingPicker.m in Sources */ = {isa = PBXBuildFile; fileRef = 0D18C8A91443C00300929215 /* TWZSettingPicker.m */; };
		0D18C8B214442A7E00929215 /* UIColor+TweezerExtensions.m in Sources */ = {isa = PBXBuildFile; fileRef = 0D18C8B114442A7E00929215 /* UIColor+TweezerExtensions.m */; };
		0D2AB1C41444E89F00226FE8 /* location-filter.png in Resources */ = {isa = PBXBuildFile; fileRef = 0D2AB1C11444E89F00226FE8 /* location-filter.png */; };
		0D2AB1C51444E89F00226FE8 /* people-filter.png in Resources */ = {isa = PBXBuildFile; fileRef = 0D2AB1C21444E89F00226FE8 /* people-filter.png */; };
		0D2AB1C61444E89F00226FE8 /* query-filter.png in Resources */ = {isa = PBXBuildFile; fileRef = 0D2AB1C31444E89F00226FE8 /* query-filter.png */; };
		0D3B59E71441199E00F0B2C7 /* TWZList.m in Sources */ = {isa = PBXBuildFile; fileRef = 0D3B59E21441199E00F0B2C7 /* TWZList.m */; };
		0D3B59E81441199E00F0B2C7 /* TWZStatus.m in Sources */ = {isa = PBXBuildFile; fileRef = 0D3B59E41441199E00F0B2C7 /* TWZStatus.m */; };
		0D3B59E91441199E00F0B2C7 /* TWZUser.m in Sources */ = {isa = PBXBuildFile; fileRef = 0D3B59E61441199E00F0B2C7 /* TWZUser.m */; };
		0D3B59EE14411BCB00F0B2C7 /* TWZListsViewController.m in Sources */ = {isa = PBXBuildFile; fileRef = 0D3B59EC14411BCB00F0B2C7 /* TWZListsViewController.m */; };
		0D3B59EF14411BCB00F0B2C7 /* TWZListsViewController.xib in Resources */ = {isa = PBXBuildFile; fileRef = 0D3B59ED14411BCB00F0B2C7 /* TWZListsViewController.xib */; };
		0D3B59F314411DDA00F0B2C7 /* TWZQuoteBoardViewController.m in Sources */ = {isa = PBXBuildFile; fileRef = 0D3B59F114411DD900F0B2C7 /* TWZQuoteBoardViewController.m */; };
		0D3B59F414411DDA00F0B2C7 /* TWZQuoteBoardViewController.xib in Resources */ = {isa = PBXBuildFile; fileRef = 0D3B59F214411DD900F0B2C7 /* TWZQuoteBoardViewController.xib */; };
		0DA4015714461668008F3DA6 /* TWZSourceHeaderView.m in Sources */ = {isa = PBXBuildFile; fileRef = 0DA4015614461668008F3DA6 /* TWZSourceHeaderView.m */; };
		0DA4015C14461ACB008F3DA6 /* BHTextFieldCell.m in Sources */ = {isa = PBXBuildFile; fileRef = 0DA4015B14461ACB008F3DA6 /* BHTextFieldCell.m */; };
		0DA401611446212A008F3DA6 /* UIColor+BHExtensions.m in Sources */ = {isa = PBXBuildFile; fileRef = 0DA401601446212A008F3DA6 /* UIColor+BHExtensions.m */; };
		0DB49858143E64D5008815EB /* UIKit.framework in Frameworks */ = {isa = PBXBuildFile; fileRef = 0DB49857143E64D5008815EB /* UIKit.framework */; };
		0DB4985A143E64D5008815EB /* Foundation.framework in Frameworks */ = {isa = PBXBuildFile; fileRef = 0DB49859143E64D5008815EB /* Foundation.framework */; };
		0DB4985C143E64D5008815EB /* CoreGraphics.framework in Frameworks */ = {isa = PBXBuildFile; fileRef = 0DB4985B143E64D5008815EB /* CoreGraphics.framework */; };
		0DB49862143E64D5008815EB /* InfoPlist.strings in Resources */ = {isa = PBXBuildFile; fileRef = 0DB49860143E64D5008815EB /* InfoPlist.strings */; };
		0DB49864143E64D5008815EB /* main.m in Sources */ = {isa = PBXBuildFile; fileRef = 0DB49863143E64D5008815EB /* main.m */; };
		0DB49868143E64D5008815EB /* TweezerAppDelegate.m in Sources */ = {isa = PBXBuildFile; fileRef = 0DB49867143E64D5008815EB /* TweezerAppDelegate.m */; };
		0DB49876143E64D5008815EB /* SenTestingKit.framework in Frameworks */ = {isa = PBXBuildFile; fileRef = 0DB49875143E64D5008815EB /* SenTestingKit.framework */; };
		0DB49877143E64D5008815EB /* UIKit.framework in Frameworks */ = {isa = PBXBuildFile; fileRef = 0DB49857143E64D5008815EB /* UIKit.framework */; };
		0DB49878143E64D5008815EB /* Foundation.framework in Frameworks */ = {isa = PBXBuildFile; fileRef = 0DB49859143E64D5008815EB /* Foundation.framework */; };
		0DB49879143E64D5008815EB /* CoreGraphics.framework in Frameworks */ = {isa = PBXBuildFile; fileRef = 0DB4985B143E64D5008815EB /* CoreGraphics.framework */; };
		0DB49881143E64D5008815EB /* InfoPlist.strings in Resources */ = {isa = PBXBuildFile; fileRef = 0DB4987F143E64D5008815EB /* InfoPlist.strings */; };
		0DB49884143E64D5008815EB /* TweezerTests.m in Sources */ = {isa = PBXBuildFile; fileRef = 0DB49883143E64D5008815EB /* TweezerTests.m */; };
		0DC178B5143FEF8E002CD4C3 /* libRestKitJSONParserJSONKit.a in Frameworks */ = {isa = PBXBuildFile; fileRef = 0DC178A9143FEDD7002CD4C3 /* libRestKitJSONParserJSONKit.a */; };
		0DC178B6143FEF8E002CD4C3 /* libRestKitNetwork.a in Frameworks */ = {isa = PBXBuildFile; fileRef = 0DC1789D143FEDD7002CD4C3 /* libRestKitNetwork.a */; };
		0DC178B7143FEF8E002CD4C3 /* libRestKitObjectMapping.a in Frameworks */ = {isa = PBXBuildFile; fileRef = 0DC1789F143FEDD7002CD4C3 /* libRestKitObjectMapping.a */; };
		0DC178B8143FEF8E002CD4C3 /* libRestKitSupport.a in Frameworks */ = {isa = PBXBuildFile; fileRef = 0DC178A1143FEDD7002CD4C3 /* libRestKitSupport.a */; };
		0DC178BD143FEFCC002CD4C3 /* CFNetwork.framework in Frameworks */ = {isa = PBXBuildFile; fileRef = 0DC178BA143FEFCC002CD4C3 /* CFNetwork.framework */; };
		0DC178BE143FEFCC002CD4C3 /* MobileCoreServices.framework in Frameworks */ = {isa = PBXBuildFile; fileRef = 0DC178BB143FEFCC002CD4C3 /* MobileCoreServices.framework */; };
		0DC178BF143FEFCC002CD4C3 /* SystemConfiguration.framework in Frameworks */ = {isa = PBXBuildFile; fileRef = 0DC178BC143FEFCC002CD4C3 /* SystemConfiguration.framework */; };
		0DC6F843144F9AC0000D1B85 /* TWZQuoteView.m in Sources */ = {isa = PBXBuildFile; fileRef = 0DC6F842144F9AC0000D1B85 /* TWZQuoteView.m */; };
/* End PBXBuildFile section */

/* Begin PBXContainerItemProxy section */
		0DB4987A143E64D5008815EB /* PBXContainerItemProxy */ = {
			isa = PBXContainerItemProxy;
			containerPortal = 0DB4984A143E64D5008815EB /* Project object */;
			proxyType = 1;
			remoteGlobalIDString = 0DB49852143E64D5008815EB;
			remoteInfo = Tweezer;
		};
		0DC1789C143FEDD7002CD4C3 /* PBXContainerItemProxy */ = {
			isa = PBXContainerItemProxy;
			containerPortal = 0DC17888143FEDD7002CD4C3 /* RestKit.xcodeproj */;
			proxyType = 2;
			remoteGlobalIDString = 253A07FC1255161B00976E89;
			remoteInfo = RestKitNetwork;
		};
		0DC1789E143FEDD7002CD4C3 /* PBXContainerItemProxy */ = {
			isa = PBXContainerItemProxy;
			containerPortal = 0DC17888143FEDD7002CD4C3 /* RestKit.xcodeproj */;
			proxyType = 2;
			remoteGlobalIDString = 253A08031255162C00976E89;
			remoteInfo = RestKitObjectMapping;
		};
		0DC178A0143FEDD7002CD4C3 /* PBXContainerItemProxy */ = {
			isa = PBXContainerItemProxy;
			containerPortal = 0DC17888143FEDD7002CD4C3 /* RestKit.xcodeproj */;
			proxyType = 2;
			remoteGlobalIDString = 253A080C12551D3000976E89;
			remoteInfo = RestKitSupport;
		};
		0DC178A2143FEDD7002CD4C3 /* PBXContainerItemProxy */ = {
			isa = PBXContainerItemProxy;
			containerPortal = 0DC17888143FEDD7002CD4C3 /* RestKit.xcodeproj */;
			proxyType = 2;
			remoteGlobalIDString = 20808DBD13DE8CDC000A156A;
			remoteInfo = "RestKitJSONParser+NXJSON";
		};
		0DC178A4143FEDD7002CD4C3 /* PBXContainerItemProxy */ = {
			isa = PBXContainerItemProxy;
			containerPortal = 0DC17888143FEDD7002CD4C3 /* RestKit.xcodeproj */;
			proxyType = 2;
			remoteGlobalIDString = 2590E64F125231F600531FA8;
			remoteInfo = "RestKitJSONParser+YAJL";
		};
		0DC178A6143FEDD7002CD4C3 /* PBXContainerItemProxy */ = {
			isa = PBXContainerItemProxy;
			containerPortal = 0DC17888143FEDD7002CD4C3 /* RestKit.xcodeproj */;
			proxyType = 2;
			remoteGlobalIDString = 2590E66B1252353700531FA8;
			remoteInfo = "RestKitJSONParser+SBJSON";
		};
		0DC178A8143FEDD7002CD4C3 /* PBXContainerItemProxy */ = {
			isa = PBXContainerItemProxy;
			containerPortal = 0DC17888143FEDD7002CD4C3 /* RestKit.xcodeproj */;
			proxyType = 2;
			remoteGlobalIDString = 73057FD11331AD2E001908EE;
			remoteInfo = "RestKitJSONParser+JSONKit";
		};
		0DC178AA143FEDD7002CD4C3 /* PBXContainerItemProxy */ = {
			isa = PBXContainerItemProxy;
			containerPortal = 0DC17888143FEDD7002CD4C3 /* RestKit.xcodeproj */;
			proxyType = 2;
			remoteGlobalIDString = 25BD43BD1340315800DBACDD;
			remoteInfo = "RestKitXMLParser+Libxml";
		};
		0DC178AC143FEDD7002CD4C3 /* PBXContainerItemProxy */ = {
			isa = PBXContainerItemProxy;
			containerPortal = 0DC17888143FEDD7002CD4C3 /* RestKit.xcodeproj */;
			proxyType = 2;
			remoteGlobalIDString = 253A081412551D5300976E89;
			remoteInfo = RestKitCoreData;
		};
		0DC178AE143FEDD7002CD4C3 /* PBXContainerItemProxy */ = {
			isa = PBXContainerItemProxy;
			containerPortal = 0DC17888143FEDD7002CD4C3 /* RestKit.xcodeproj */;
			proxyType = 2;
			remoteGlobalIDString = 2523360511E79F090048F9B4;
			remoteInfo = RestKitThree20;
		};
		0DC178B0143FEDD7002CD4C3 /* PBXContainerItemProxy */ = {
			isa = PBXContainerItemProxy;
			containerPortal = 0DC17888143FEDD7002CD4C3 /* RestKit.xcodeproj */;
			proxyType = 2;
			remoteGlobalIDString = 3F6C39A510FE5C95008F47C5;
			remoteInfo = "RestKit Specs";
		};
		0DC178B3143FEF32002CD4C3 /* PBXContainerItemProxy */ = {
			isa = PBXContainerItemProxy;
			containerPortal = 0DC17888143FEDD7002CD4C3 /* RestKit.xcodeproj */;
			proxyType = 1;
			remoteGlobalIDString = 255B7588133BABBF00ED76AD;
			remoteInfo = RestKit;
		};
/* End PBXContainerItemProxy section */

/* Begin PBXFileReference section */
		0D0F5D24144773490081E352 /* TWZTextAnimationView.h */ = {isa = PBXFileReference; fileEncoding = 4; lastKnownFileType = sourcecode.c.h; path = TWZTextAnimationView.h; sourceTree = "<group>"; };
		0D0F5D25144773490081E352 /* TWZTextAnimationView.m */ = {isa = PBXFileReference; fileEncoding = 4; lastKnownFileType = sourcecode.c.objc; path = TWZTextAnimationView.m; sourceTree = "<group>"; };
		0D0F5D27144776050081E352 /* CoreText.framework */ = {isa = PBXFileReference; lastKnownFileType = wrapper.framework; name = CoreText.framework; path = System/Library/Frameworks/CoreText.framework; sourceTree = SDKROOT; };
		0D0F5D291447A6C30081E352 /* QuartzCore.framework */ = {isa = PBXFileReference; lastKnownFileType = wrapper.framework; name = QuartzCore.framework; path = System/Library/Frameworks/QuartzCore.framework; sourceTree = SDKROOT; };
		0D0F5D2C1447AC100081E352 /* TWZGlyphLayer.h */ = {isa = PBXFileReference; fileEncoding = 4; lastKnownFileType = sourcecode.c.h; path = TWZGlyphLayer.h; sourceTree = "<group>"; };
		0D0F5D2D1447AC100081E352 /* TWZGlyphLayer.m */ = {isa = PBXFileReference; fileEncoding = 4; lastKnownFileType = sourcecode.c.objc; path = TWZGlyphLayer.m; sourceTree = "<group>"; };
		0D18C89314439F0A00929215 /* TWZSettingsViewController.h */ = {isa = PBXFileReference; fileEncoding = 4; lastKnownFileType = sourcecode.c.h; path = TWZSettingsViewController.h; sourceTree = "<group>"; };
		0D18C89414439F0A00929215 /* TWZSettingsViewController.m */ = {isa = PBXFileReference; fileEncoding = 4; lastKnownFileType = sourcecode.c.objc; path = TWZSettingsViewController.m; sourceTree = "<group>"; };
		0D18C89514439F0A00929215 /* TWZSettingsViewController.xib */ = {isa = PBXFileReference; fileEncoding = 4; lastKnownFileType = file.xib; path = TWZSettingsViewController.xib; sourceTree = "<group>"; };
		0D18C8981443A49900929215 /* TWZSourceEditorViewController.h */ = {isa = PBXFileReference; fileEncoding = 4; lastKnownFileType = sourcecode.c.h; path = TWZSourceEditorViewController.h; sourceTree = "<group>"; };
		0D18C8991443A49900929215 /* TWZSourceEditorViewController.m */ = {isa = PBXFileReference; fileEncoding = 4; lastKnownFileType = sourcecode.c.objc; path = TWZSourceEditorViewController.m; sourceTree = "<group>"; };
		0D18C89A1443A49A00929215 /* TWZSourceEditorViewController.xib */ = {isa = PBXFileReference; fileEncoding = 4; lastKnownFileType = file.xib; path = TWZSourceEditorViewController.xib; sourceTree = "<group>"; };
		0D18C89E1443B21300929215 /* checkmark.png */ = {isa = PBXFileReference; lastKnownFileType = image.png; name = checkmark.png; path = Images/checkmark.png; sourceTree = "<group>"; };
		0D18C8A01443B57600929215 /* TWZSourcePreset.h */ = {isa = PBXFileReference; fileEncoding = 4; lastKnownFileType = sourcecode.c.h; path = TWZSourcePreset.h; sourceTree = "<group>"; };
		0D18C8A11443B57600929215 /* TWZSourcePreset.m */ = {isa = PBXFileReference; fileEncoding = 4; lastKnownFileType = sourcecode.c.objc; path = TWZSourcePreset.m; sourceTree = "<group>"; };
		0D18C8A81443C00300929215 /* TWZSettingPicker.h */ = {isa = PBXFileReference; fileEncoding = 4; lastKnownFileType = sourcecode.c.h; path = TWZSettingPicker.h; sourceTree = "<group>"; };
		0D18C8A91443C00300929215 /* TWZSettingPicker.m */ = {isa = PBXFileReference; fileEncoding = 4; lastKnownFileType = sourcecode.c.objc; path = TWZSettingPicker.m; sourceTree = "<group>"; };
		0D18C8AE1444193D00929215 /* TWZConstants.h */ = {isa = PBXFileReference; fileEncoding = 4; lastKnownFileType = sourcecode.c.h; path = TWZConstants.h; sourceTree = "<group>"; };
		0D18C8B014442A7E00929215 /* UIColor+TweezerExtensions.h */ = {isa = PBXFileReference; fileEncoding = 4; lastKnownFileType = sourcecode.c.h; path = "UIColor+TweezerExtensions.h"; sourceTree = "<group>"; };
		0D18C8B114442A7E00929215 /* UIColor+TweezerExtensions.m */ = {isa = PBXFileReference; fileEncoding = 4; lastKnownFileType = sourcecode.c.objc; path = "UIColor+TweezerExtensions.m"; sourceTree = "<group>"; };
		0D2AB1C11444E89F00226FE8 /* location-filter.png */ = {isa = PBXFileReference; lastKnownFileType = image.png; name = "location-filter.png"; path = "Images/location-filter.png"; sourceTree = "<group>"; };
		0D2AB1C21444E89F00226FE8 /* people-filter.png */ = {isa = PBXFileReference; lastKnownFileType = image.png; name = "people-filter.png"; path = "Images/people-filter.png"; sourceTree = "<group>"; };
		0D2AB1C31444E89F00226FE8 /* query-filter.png */ = {isa = PBXFileReference; lastKnownFileType = image.png; name = "query-filter.png"; path = "Images/query-filter.png"; sourceTree = "<group>"; };
		0D3B59E11441199E00F0B2C7 /* TWZList.h */ = {isa = PBXFileReference; fileEncoding = 4; lastKnownFileType = sourcecode.c.h; path = TWZList.h; sourceTree = "<group>"; };
		0D3B59E21441199E00F0B2C7 /* TWZList.m */ = {isa = PBXFileReference; fileEncoding = 4; lastKnownFileType = sourcecode.c.objc; path = TWZList.m; sourceTree = "<group>"; };
		0D3B59E31441199E00F0B2C7 /* TWZStatus.h */ = {isa = PBXFileReference; fileEncoding = 4; lastKnownFileType = sourcecode.c.h; path = TWZStatus.h; sourceTree = "<group>"; };
		0D3B59E41441199E00F0B2C7 /* TWZStatus.m */ = {isa = PBXFileReference; fileEncoding = 4; lastKnownFileType = sourcecode.c.objc; path = TWZStatus.m; sourceTree = "<group>"; };
		0D3B59E51441199E00F0B2C7 /* TWZUser.h */ = {isa = PBXFileReference; fileEncoding = 4; lastKnownFileType = sourcecode.c.h; path = TWZUser.h; sourceTree = "<group>"; };
		0D3B59E61441199E00F0B2C7 /* TWZUser.m */ = {isa = PBXFileReference; fileEncoding = 4; lastKnownFileType = sourcecode.c.objc; path = TWZUser.m; sourceTree = "<group>"; };
		0D3B59EB14411BCB00F0B2C7 /* TWZListsViewController.h */ = {isa = PBXFileReference; fileEncoding = 4; lastKnownFileType = sourcecode.c.h; path = TWZListsViewController.h; sourceTree = "<group>"; };
		0D3B59EC14411BCB00F0B2C7 /* TWZListsViewController.m */ = {isa = PBXFileReference; fileEncoding = 4; lastKnownFileType = sourcecode.c.objc; path = TWZListsViewController.m; sourceTree = "<group>"; };
		0D3B59ED14411BCB00F0B2C7 /* TWZListsViewController.xib */ = {isa = PBXFileReference; fileEncoding = 4; lastKnownFileType = file.xib; path = TWZListsViewController.xib; sourceTree = "<group>"; };
		0D3B59F014411DD900F0B2C7 /* TWZQuoteBoardViewController.h */ = {isa = PBXFileReference; fileEncoding = 4; lastKnownFileType = sourcecode.c.h; path = TWZQuoteBoardViewController.h; sourceTree = "<group>"; };
		0D3B59F114411DD900F0B2C7 /* TWZQuoteBoardViewController.m */ = {isa = PBXFileReference; fileEncoding = 4; lastKnownFileType = sourcecode.c.objc; path = TWZQuoteBoardViewController.m; sourceTree = "<group>"; };
		0D3B59F214411DD900F0B2C7 /* TWZQuoteBoardViewController.xib */ = {isa = PBXFileReference; fileEncoding = 4; lastKnownFileType = file.xib; path = TWZQuoteBoardViewController.xib; sourceTree = "<group>"; };
		0DA4015514461668008F3DA6 /* TWZSourceHeaderView.h */ = {isa = PBXFileReference; fileEncoding = 4; lastKnownFileType = sourcecode.c.h; path = TWZSourceHeaderView.h; sourceTree = "<group>"; };
		0DA4015614461668008F3DA6 /* TWZSourceHeaderView.m */ = {isa = PBXFileReference; fileEncoding = 4; lastKnownFileType = sourcecode.c.objc; path = TWZSourceHeaderView.m; sourceTree = "<group>"; };
		0DA4015A14461ACB008F3DA6 /* BHTextFieldCell.h */ = {isa = PBXFileReference; fileEncoding = 4; lastKnownFileType = sourcecode.c.h; path = BHTextFieldCell.h; sourceTree = "<group>"; };
		0DA4015B14461ACB008F3DA6 /* BHTextFieldCell.m */ = {isa = PBXFileReference; fileEncoding = 4; lastKnownFileType = sourcecode.c.objc; path = BHTextFieldCell.m; sourceTree = "<group>"; };
		0DA4015F1446212A008F3DA6 /* UIColor+BHExtensions.h */ = {isa = PBXFileReference; fileEncoding = 4; lastKnownFileType = sourcecode.c.h; path = "UIColor+BHExtensions.h"; sourceTree = "<group>"; };
		0DA401601446212A008F3DA6 /* UIColor+BHExtensions.m */ = {isa = PBXFileReference; fileEncoding = 4; lastKnownFileType = sourcecode.c.objc; path = "UIColor+BHExtensions.m"; sourceTree = "<group>"; };
		0DB49853143E64D5008815EB /* Tweezer.app */ = {isa = PBXFileReference; explicitFileType = wrapper.application; includeInIndex = 0; path = Tweezer.app; sourceTree = BUILT_PRODUCTS_DIR; };
		0DB49857143E64D5008815EB /* UIKit.framework */ = {isa = PBXFileReference; lastKnownFileType = wrapper.framework; name = UIKit.framework; path = System/Library/Frameworks/UIKit.framework; sourceTree = SDKROOT; };
		0DB49859143E64D5008815EB /* Foundation.framework */ = {isa = PBXFileReference; lastKnownFileType = wrapper.framework; name = Foundation.framework; path = System/Library/Frameworks/Foundation.framework; sourceTree = SDKROOT; };
		0DB4985B143E64D5008815EB /* CoreGraphics.framework */ = {isa = PBXFileReference; lastKnownFileType = wrapper.framework; name = CoreGraphics.framework; path = System/Library/Frameworks/CoreGraphics.framework; sourceTree = SDKROOT; };
		0DB4985F143E64D5008815EB /* Tweezer-Info.plist */ = {isa = PBXFileReference; lastKnownFileType = text.plist.xml; path = "Tweezer-Info.plist"; sourceTree = "<group>"; };
		0DB49861143E64D5008815EB /* en */ = {isa = PBXFileReference; lastKnownFileType = text.plist.strings; name = en; path = en.lproj/InfoPlist.strings; sourceTree = "<group>"; };
		0DB49863143E64D5008815EB /* main.m */ = {isa = PBXFileReference; lastKnownFileType = sourcecode.c.objc; path = main.m; sourceTree = "<group>"; };
		0DB49865143E64D5008815EB /* Tweezer-Prefix.pch */ = {isa = PBXFileReference; lastKnownFileType = sourcecode.c.h; path = "Tweezer-Prefix.pch"; sourceTree = "<group>"; };
		0DB49866143E64D5008815EB /* TweezerAppDelegate.h */ = {isa = PBXFileReference; lastKnownFileType = sourcecode.c.h; path = TweezerAppDelegate.h; sourceTree = "<group>"; };
		0DB49867143E64D5008815EB /* TweezerAppDelegate.m */ = {isa = PBXFileReference; lastKnownFileType = sourcecode.c.objc; path = TweezerAppDelegate.m; sourceTree = "<group>"; };
		0DB49874143E64D5008815EB /* TweezerTests.octest */ = {isa = PBXFileReference; explicitFileType = wrapper.cfbundle; includeInIndex = 0; path = TweezerTests.octest; sourceTree = BUILT_PRODUCTS_DIR; };
		0DB49875143E64D5008815EB /* SenTestingKit.framework */ = {isa = PBXFileReference; lastKnownFileType = wrapper.framework; name = SenTestingKit.framework; path = Library/Frameworks/SenTestingKit.framework; sourceTree = DEVELOPER_DIR; };
		0DB4987E143E64D5008815EB /* TweezerTests-Info.plist */ = {isa = PBXFileReference; lastKnownFileType = text.plist.xml; path = "TweezerTests-Info.plist"; sourceTree = "<group>"; };
		0DB49880143E64D5008815EB /* en */ = {isa = PBXFileReference; lastKnownFileType = text.plist.strings; name = en; path = en.lproj/InfoPlist.strings; sourceTree = "<group>"; };
		0DB49882143E64D5008815EB /* TweezerTests.h */ = {isa = PBXFileReference; lastKnownFileType = sourcecode.c.h; path = TweezerTests.h; sourceTree = "<group>"; };
		0DB49883143E64D5008815EB /* TweezerTests.m */ = {isa = PBXFileReference; lastKnownFileType = sourcecode.c.objc; path = TweezerTests.m; sourceTree = "<group>"; };
		0DC17888143FEDD7002CD4C3 /* RestKit.xcodeproj */ = {isa = PBXFileReference; lastKnownFileType = "wrapper.pb-project"; name = RestKit.xcodeproj; path = ../RestKit/RestKit.xcodeproj; sourceTree = "<group>"; };
		0DC178BA143FEFCC002CD4C3 /* CFNetwork.framework */ = {isa = PBXFileReference; lastKnownFileType = wrapper.framework; name = CFNetwork.framework; path = System/Library/Frameworks/CFNetwork.framework; sourceTree = SDKROOT; };
		0DC178BB143FEFCC002CD4C3 /* MobileCoreServices.framework */ = {isa = PBXFileReference; lastKnownFileType = wrapper.framework; name = MobileCoreServices.framework; path = System/Library/Frameworks/MobileCoreServices.framework; sourceTree = SDKROOT; };
		0DC178BC143FEFCC002CD4C3 /* SystemConfiguration.framework */ = {isa = PBXFileReference; lastKnownFileType = wrapper.framework; name = SystemConfiguration.framework; path = System/Library/Frameworks/SystemConfiguration.framework; sourceTree = SDKROOT; };
		0DC6F841144F9AC0000D1B85 /* TWZQuoteView.h */ = {isa = PBXFileReference; fileEncoding = 4; lastKnownFileType = sourcecode.c.h; path = TWZQuoteView.h; sourceTree = "<group>"; };
		0DC6F842144F9AC0000D1B85 /* TWZQuoteView.m */ = {isa = PBXFileReference; fileEncoding = 4; lastKnownFileType = sourcecode.c.objc; path = TWZQuoteView.m; sourceTree = "<group>"; };
/* End PBXFileReference section */

/* Begin PBXFrameworksBuildPhase section */
		0DB49850143E64D5008815EB /* Frameworks */ = {
			isa = PBXFrameworksBuildPhase;
			buildActionMask = 2147483647;
			files = (
				0D0F5D2A1447A6C30081E352 /* QuartzCore.framework in Frameworks */,
				0D0F5D28144776050081E352 /* CoreText.framework in Frameworks */,
				0DC178BD143FEFCC002CD4C3 /* CFNetwork.framework in Frameworks */,
				0DC178BE143FEFCC002CD4C3 /* MobileCoreServices.framework in Frameworks */,
				0DC178BF143FEFCC002CD4C3 /* SystemConfiguration.framework in Frameworks */,
				0DC178B5143FEF8E002CD4C3 /* libRestKitJSONParserJSONKit.a in Frameworks */,
				0DC178B6143FEF8E002CD4C3 /* libRestKitNetwork.a in Frameworks */,
				0DC178B7143FEF8E002CD4C3 /* libRestKitObjectMapping.a in Frameworks */,
				0DC178B8143FEF8E002CD4C3 /* libRestKitSupport.a in Frameworks */,
				0DB49858143E64D5008815EB /* UIKit.framework in Frameworks */,
				0DB4985A143E64D5008815EB /* Foundation.framework in Frameworks */,
				0DB4985C143E64D5008815EB /* CoreGraphics.framework in Frameworks */,
			);
			runOnlyForDeploymentPostprocessing = 0;
		};
		0DB49870143E64D5008815EB /* Frameworks */ = {
			isa = PBXFrameworksBuildPhase;
			buildActionMask = 2147483647;
			files = (
				0DB49876143E64D5008815EB /* SenTestingKit.framework in Frameworks */,
				0DB49877143E64D5008815EB /* UIKit.framework in Frameworks */,
				0DB49878143E64D5008815EB /* Foundation.framework in Frameworks */,
				0DB49879143E64D5008815EB /* CoreGraphics.framework in Frameworks */,
			);
			runOnlyForDeploymentPostprocessing = 0;
		};
/* End PBXFrameworksBuildPhase section */

/* Begin PBXGroup section */
		0D18C89D1443B20000929215 /* Images */ = {
			isa = PBXGroup;
			children = (
				0D2AB1C11444E89F00226FE8 /* location-filter.png */,
				0D2AB1C21444E89F00226FE8 /* people-filter.png */,
				0D2AB1C31444E89F00226FE8 /* query-filter.png */,
				0D18C89E1443B21300929215 /* checkmark.png */,
			);
			name = Images;
			sourceTree = "<group>";
		};
		0D18C8AF14442A6100929215 /* Extensions */ = {
			isa = PBXGroup;
			children = (
				0D18C8B014442A7E00929215 /* UIColor+TweezerExtensions.h */,
				0D18C8B114442A7E00929215 /* UIColor+TweezerExtensions.m */,
			);
			name = Extensions;
			sourceTree = "<group>";
		};
		0D3B59D41441198F00F0B2C7 /* Model */ = {
			isa = PBXGroup;
			children = (
				0D3B59E11441199E00F0B2C7 /* TWZList.h */,
				0D3B59E21441199E00F0B2C7 /* TWZList.m */,
				0D3B59E31441199E00F0B2C7 /* TWZStatus.h */,
				0D3B59E41441199E00F0B2C7 /* TWZStatus.m */,
				0D3B59E51441199E00F0B2C7 /* TWZUser.h */,
				0D3B59E61441199E00F0B2C7 /* TWZUser.m */,
				0D18C8A01443B57600929215 /* TWZSourcePreset.h */,
				0D18C8A11443B57600929215 /* TWZSourcePreset.m */,
			);
			name = Model;
			sourceTree = "<group>";
		};
		0D3B59EA14411B7B00F0B2C7 /* View Controllers */ = {
			isa = PBXGroup;
			children = (
				0DA4015414461649008F3DA6 /* Views */,
				0D3B59EB14411BCB00F0B2C7 /* TWZListsViewController.h */,
				0D3B59EC14411BCB00F0B2C7 /* TWZListsViewController.m */,
				0D3B59ED14411BCB00F0B2C7 /* TWZListsViewController.xib */,
				0D3B59F014411DD900F0B2C7 /* TWZQuoteBoardViewController.h */,
				0D3B59F114411DD900F0B2C7 /* TWZQuoteBoardViewController.m */,
				0D3B59F214411DD900F0B2C7 /* TWZQuoteBoardViewController.xib */,
				0D18C89314439F0A00929215 /* TWZSettingsViewController.h */,
				0D18C89414439F0A00929215 /* TWZSettingsViewController.m */,
				0D18C89514439F0A00929215 /* TWZSettingsViewController.xib */,
				0D18C8981443A49900929215 /* TWZSourceEditorViewController.h */,
				0D18C8991443A49900929215 /* TWZSourceEditorViewController.m */,
				0D18C89A1443A49A00929215 /* TWZSourceEditorViewController.xib */,
				0D18C8A81443C00300929215 /* TWZSettingPicker.h */,
				0D18C8A91443C00300929215 /* TWZSettingPicker.m */,
			);
			name = "View Controllers";
			sourceTree = "<group>";
		};
		0DA4015414461649008F3DA6 /* Views */ = {
			isa = PBXGroup;
			children = (
				0DA4015514461668008F3DA6 /* TWZSourceHeaderView.h */,
				0DA4015614461668008F3DA6 /* TWZSourceHeaderView.m */,
				0D0F5D24144773490081E352 /* TWZTextAnimationView.h */,
				0D0F5D25144773490081E352 /* TWZTextAnimationView.m */,
				0D0F5D2C1447AC100081E352 /* TWZGlyphLayer.h */,
				0D0F5D2D1447AC100081E352 /* TWZGlyphLayer.m */,
				0DC6F841144F9AC0000D1B85 /* TWZQuoteView.h */,
				0DC6F842144F9AC0000D1B85 /* TWZQuoteView.m */,
			);
			name = Views;
			sourceTree = "<group>";
		};
		0DA4015814461A93008F3DA6 /* General */ = {
			isa = PBXGroup;
			children = (
				0DA401621446213C008F3DA6 /* BH */,
				0D18C8AE1444193D00929215 /* TWZConstants.h */,
			);
			name = General;
			sourceTree = "<group>";
		};
		0DA4015914461AA1008F3DA6 /* Views */ = {
			isa = PBXGroup;
			children = (
				0DA4015A14461ACB008F3DA6 /* BHTextFieldCell.h */,
				0DA4015B14461ACB008F3DA6 /* BHTextFieldCell.m */,
			);
			name = Views;
			sourceTree = "<group>";
		};
		0DA401621446213C008F3DA6 /* BH */ = {
			isa = PBXGroup;
			children = (
				0DA401631446214B008F3DA6 /* Extensions */,
				0DA4015914461AA1008F3DA6 /* Views */,
			);
			name = BH;
			sourceTree = "<group>";
		};
		0DA401631446214B008F3DA6 /* Extensions */ = {
			isa = PBXGroup;
			children = (
				0DA4015F1446212A008F3DA6 /* UIColor+BHExtensions.h */,
				0DA401601446212A008F3DA6 /* UIColor+BHExtensions.m */,
			);
			name = Extensions;
			sourceTree = "<group>";
		};
		0DB49848143E64D5008815EB = {
			isa = PBXGroup;
			children = (
				0D0F5D291447A6C30081E352 /* QuartzCore.framework */,
				0D0F5D27144776050081E352 /* CoreText.framework */,
				0DB4985D143E64D5008815EB /* Tweezer */,
				0DB4987C143E64D5008815EB /* TweezerTests */,
				0DB49856143E64D5008815EB /* Frameworks */,
				0DB49854143E64D5008815EB /* Products */,
			);
			sourceTree = "<group>";
		};
		0DB49854143E64D5008815EB /* Products */ = {
			isa = PBXGroup;
			children = (
				0DB49853143E64D5008815EB /* Tweezer.app */,
				0DB49874143E64D5008815EB /* TweezerTests.octest */,
			);
			name = Products;
			sourceTree = "<group>";
		};
		0DB49856143E64D5008815EB /* Frameworks */ = {
			isa = PBXGroup;
			children = (
				0DC178BA143FEFCC002CD4C3 /* CFNetwork.framework */,
				0DC178BB143FEFCC002CD4C3 /* MobileCoreServices.framework */,
				0DC178BC143FEFCC002CD4C3 /* SystemConfiguration.framework */,
				0DC17888143FEDD7002CD4C3 /* RestKit.xcodeproj */,
				0DB49857143E64D5008815EB /* UIKit.framework */,
				0DB49859143E64D5008815EB /* Foundation.framework */,
				0DB4985B143E64D5008815EB /* CoreGraphics.framework */,
				0DB49875143E64D5008815EB /* SenTestingKit.framework */,
			);
			name = Frameworks;
			sourceTree = "<group>";
		};
		0DB4985D143E64D5008815EB /* Tweezer */ = {
			isa = PBXGroup;
			children = (
				0DA4015814461A93008F3DA6 /* General */,
				0D18C8AF14442A6100929215 /* Extensions */,
				0D3B59EA14411B7B00F0B2C7 /* View Controllers */,
				0D3B59D41441198F00F0B2C7 /* Model */,
				0DB49866143E64D5008815EB /* TweezerAppDelegate.h */,
				0DB49867143E64D5008815EB /* TweezerAppDelegate.m */,
				0DB4985E143E64D5008815EB /* Supporting Files */,
			);
			path = Tweezer;
			sourceTree = "<group>";
		};
		0DB4985E143E64D5008815EB /* Supporting Files */ = {
			isa = PBXGroup;
			children = (
				0D18C89D1443B20000929215 /* Images */,
				0DB4985F143E64D5008815EB /* Tweezer-Info.plist */,
				0DB49860143E64D5008815EB /* InfoPlist.strings */,
				0DB49863143E64D5008815EB /* main.m */,
				0DB49865143E64D5008815EB /* Tweezer-Prefix.pch */,
			);
			name = "Supporting Files";
			sourceTree = "<group>";
		};
		0DB4987C143E64D5008815EB /* TweezerTests */ = {
			isa = PBXGroup;
			children = (
				0DB49882143E64D5008815EB /* TweezerTests.h */,
				0DB49883143E64D5008815EB /* TweezerTests.m */,
				0DB4987D143E64D5008815EB /* Supporting Files */,
			);
			path = TweezerTests;
			sourceTree = "<group>";
		};
		0DB4987D143E64D5008815EB /* Supporting Files */ = {
			isa = PBXGroup;
			children = (
				0DB4987E143E64D5008815EB /* TweezerTests-Info.plist */,
				0DB4987F143E64D5008815EB /* InfoPlist.strings */,
			);
			name = "Supporting Files";
			sourceTree = "<group>";
		};
		0DC17889143FEDD7002CD4C3 /* Products */ = {
			isa = PBXGroup;
			children = (
				0DC1789D143FEDD7002CD4C3 /* libRestKitNetwork.a */,
				0DC1789F143FEDD7002CD4C3 /* libRestKitObjectMapping.a */,
				0DC178A1143FEDD7002CD4C3 /* libRestKitSupport.a */,
				0DC178A3143FEDD7002CD4C3 /* libRestKitJSONParserNXJSON.a */,
				0DC178A5143FEDD7002CD4C3 /* libRestKitJSONParserYAJL.a */,
				0DC178A7143FEDD7002CD4C3 /* libRestKitJSONParserSBJSON.a */,
				0DC178A9143FEDD7002CD4C3 /* libRestKitJSONParserJSONKit.a */,
				0DC178AB143FEDD7002CD4C3 /* libRestKitXMLParserLibxml.a */,
				0DC178AD143FEDD7002CD4C3 /* libRestKitCoreData.a */,
				0DC178AF143FEDD7002CD4C3 /* libRestKitThree20.a */,
				0DC178B1143FEDD7002CD4C3 /* RestKitSpecs.app */,
			);
			name = Products;
			sourceTree = "<group>";
		};
/* End PBXGroup section */

/* Begin PBXNativeTarget section */
		0DB49852143E64D5008815EB /* Tweezer */ = {
			isa = PBXNativeTarget;
			buildConfigurationList = 0DB49887143E64D5008815EB /* Build configuration list for PBXNativeTarget "Tweezer" */;
			buildPhases = (
				0DB4984F143E64D5008815EB /* Sources */,
				0DB49850143E64D5008815EB /* Frameworks */,
				0DB49851143E64D5008815EB /* Resources */,
			);
			buildRules = (
			);
			dependencies = (
				0DC178B4143FEF32002CD4C3 /* PBXTargetDependency */,
			);
			name = Tweezer;
			productName = Tweezer;
			productReference = 0DB49853143E64D5008815EB /* Tweezer.app */;
			productType = "com.apple.product-type.application";
		};
		0DB49873143E64D5008815EB /* TweezerTests */ = {
			isa = PBXNativeTarget;
			buildConfigurationList = 0DB4988A143E64D5008815EB /* Build configuration list for PBXNativeTarget "TweezerTests" */;
			buildPhases = (
				0DB4986F143E64D5008815EB /* Sources */,
				0DB49870143E64D5008815EB /* Frameworks */,
				0DB49871143E64D5008815EB /* Resources */,
				0DB49872143E64D5008815EB /* ShellScript */,
			);
			buildRules = (
			);
			dependencies = (
				0DB4987B143E64D5008815EB /* PBXTargetDependency */,
			);
			name = TweezerTests;
			productName = TweezerTests;
			productReference = 0DB49874143E64D5008815EB /* TweezerTests.octest */;
			productType = "com.apple.product-type.bundle";
		};
/* End PBXNativeTarget section */

/* Begin PBXProject section */
		0DB4984A143E64D5008815EB /* Project object */ = {
			isa = PBXProject;
			attributes = {
				LastUpgradeCheck = 0420;
				ORGANIZATIONNAME = "Übermind, Inc.";
			};
			buildConfigurationList = 0DB4984D143E64D5008815EB /* Build configuration list for PBXProject "Tweezer" */;
			compatibilityVersion = "Xcode 3.2";
			developmentRegion = English;
			hasScannedForEncodings = 0;
			knownRegions = (
				en,
			);
			mainGroup = 0DB49848143E64D5008815EB;
			productRefGroup = 0DB49854143E64D5008815EB /* Products */;
			projectDirPath = "";
			projectReferences = (
				{
					ProductGroup = 0DC17889143FEDD7002CD4C3 /* Products */;
					ProjectRef = 0DC17888143FEDD7002CD4C3 /* RestKit.xcodeproj */;
				},
			);
			projectRoot = "";
			targets = (
				0DB49852143E64D5008815EB /* Tweezer */,
				0DB49873143E64D5008815EB /* TweezerTests */,
			);
		};
/* End PBXProject section */

/* Begin PBXReferenceProxy section */
		0DC1789D143FEDD7002CD4C3 /* libRestKitNetwork.a */ = {
			isa = PBXReferenceProxy;
			fileType = archive.ar;
			path = libRestKitNetwork.a;
			remoteRef = 0DC1789C143FEDD7002CD4C3 /* PBXContainerItemProxy */;
			sourceTree = BUILT_PRODUCTS_DIR;
		};
		0DC1789F143FEDD7002CD4C3 /* libRestKitObjectMapping.a */ = {
			isa = PBXReferenceProxy;
			fileType = archive.ar;
			path = libRestKitObjectMapping.a;
			remoteRef = 0DC1789E143FEDD7002CD4C3 /* PBXContainerItemProxy */;
			sourceTree = BUILT_PRODUCTS_DIR;
		};
		0DC178A1143FEDD7002CD4C3 /* libRestKitSupport.a */ = {
			isa = PBXReferenceProxy;
			fileType = archive.ar;
			path = libRestKitSupport.a;
			remoteRef = 0DC178A0143FEDD7002CD4C3 /* PBXContainerItemProxy */;
			sourceTree = BUILT_PRODUCTS_DIR;
		};
		0DC178A3143FEDD7002CD4C3 /* libRestKitJSONParserNXJSON.a */ = {
			isa = PBXReferenceProxy;
			fileType = archive.ar;
			path = libRestKitJSONParserNXJSON.a;
			remoteRef = 0DC178A2143FEDD7002CD4C3 /* PBXContainerItemProxy */;
			sourceTree = BUILT_PRODUCTS_DIR;
		};
		0DC178A5143FEDD7002CD4C3 /* libRestKitJSONParserYAJL.a */ = {
			isa = PBXReferenceProxy;
			fileType = archive.ar;
			path = libRestKitJSONParserYAJL.a;
			remoteRef = 0DC178A4143FEDD7002CD4C3 /* PBXContainerItemProxy */;
			sourceTree = BUILT_PRODUCTS_DIR;
		};
		0DC178A7143FEDD7002CD4C3 /* libRestKitJSONParserSBJSON.a */ = {
			isa = PBXReferenceProxy;
			fileType = archive.ar;
			path = libRestKitJSONParserSBJSON.a;
			remoteRef = 0DC178A6143FEDD7002CD4C3 /* PBXContainerItemProxy */;
			sourceTree = BUILT_PRODUCTS_DIR;
		};
		0DC178A9143FEDD7002CD4C3 /* libRestKitJSONParserJSONKit.a */ = {
			isa = PBXReferenceProxy;
			fileType = archive.ar;
			path = libRestKitJSONParserJSONKit.a;
			remoteRef = 0DC178A8143FEDD7002CD4C3 /* PBXContainerItemProxy */;
			sourceTree = BUILT_PRODUCTS_DIR;
		};
		0DC178AB143FEDD7002CD4C3 /* libRestKitXMLParserLibxml.a */ = {
			isa = PBXReferenceProxy;
			fileType = archive.ar;
			path = libRestKitXMLParserLibxml.a;
			remoteRef = 0DC178AA143FEDD7002CD4C3 /* PBXContainerItemProxy */;
			sourceTree = BUILT_PRODUCTS_DIR;
		};
		0DC178AD143FEDD7002CD4C3 /* libRestKitCoreData.a */ = {
			isa = PBXReferenceProxy;
			fileType = archive.ar;
			path = libRestKitCoreData.a;
			remoteRef = 0DC178AC143FEDD7002CD4C3 /* PBXContainerItemProxy */;
			sourceTree = BUILT_PRODUCTS_DIR;
		};
		0DC178AF143FEDD7002CD4C3 /* libRestKitThree20.a */ = {
			isa = PBXReferenceProxy;
			fileType = archive.ar;
			path = libRestKitThree20.a;
			remoteRef = 0DC178AE143FEDD7002CD4C3 /* PBXContainerItemProxy */;
			sourceTree = BUILT_PRODUCTS_DIR;
		};
		0DC178B1143FEDD7002CD4C3 /* RestKitSpecs.app */ = {
			isa = PBXReferenceProxy;
			fileType = wrapper.application;
			path = RestKitSpecs.app;
			remoteRef = 0DC178B0143FEDD7002CD4C3 /* PBXContainerItemProxy */;
			sourceTree = BUILT_PRODUCTS_DIR;
		};
/* End PBXReferenceProxy section */

/* Begin PBXResourcesBuildPhase section */
		0DB49851143E64D5008815EB /* Resources */ = {
			isa = PBXResourcesBuildPhase;
			buildActionMask = 2147483647;
			files = (
				0DB49862143E64D5008815EB /* InfoPlist.strings in Resources */,
				0D3B59EF14411BCB00F0B2C7 /* TWZListsViewController.xib in Resources */,
				0D3B59F414411DDA00F0B2C7 /* TWZQuoteBoardViewController.xib in Resources */,
				0D18C89714439F0A00929215 /* TWZSettingsViewController.xib in Resources */,
				0D18C89C1443A49A00929215 /* TWZSourceEditorViewController.xib in Resources */,
				0D18C89F1443B21300929215 /* checkmark.png in Resources */,
				0D2AB1C41444E89F00226FE8 /* location-filter.png in Resources */,
				0D2AB1C51444E89F00226FE8 /* people-filter.png in Resources */,
				0D2AB1C61444E89F00226FE8 /* query-filter.png in Resources */,
			);
			runOnlyForDeploymentPostprocessing = 0;
		};
		0DB49871143E64D5008815EB /* Resources */ = {
			isa = PBXResourcesBuildPhase;
			buildActionMask = 2147483647;
			files = (
				0DB49881143E64D5008815EB /* InfoPlist.strings in Resources */,
			);
			runOnlyForDeploymentPostprocessing = 0;
		};
/* End PBXResourcesBuildPhase section */

/* Begin PBXShellScriptBuildPhase section */
		0DB49872143E64D5008815EB /* ShellScript */ = {
			isa = PBXShellScriptBuildPhase;
			buildActionMask = 2147483647;
			files = (
			);
			inputPaths = (
			);
			outputPaths = (
			);
			runOnlyForDeploymentPostprocessing = 0;
			shellPath = /bin/sh;
			shellScript = "# Run the unit tests in this test bundle.\n\"${SYSTEM_DEVELOPER_DIR}/Tools/RunUnitTests\"\n";
		};
/* End PBXShellScriptBuildPhase section */

/* Begin PBXSourcesBuildPhase section */
		0DB4984F143E64D5008815EB /* Sources */ = {
			isa = PBXSourcesBuildPhase;
			buildActionMask = 2147483647;
			files = (
				0DB49864143E64D5008815EB /* main.m in Sources */,
				0DB49868143E64D5008815EB /* TweezerAppDelegate.m in Sources */,
				0D3B59E71441199E00F0B2C7 /* TWZList.m in Sources */,
				0D3B59E81441199E00F0B2C7 /* TWZStatus.m in Sources */,
				0D3B59E91441199E00F0B2C7 /* TWZUser.m in Sources */,
				0D3B59EE14411BCB00F0B2C7 /* TWZListsViewController.m in Sources */,
				0D3B59F314411DDA00F0B2C7 /* TWZQuoteBoardViewController.m in Sources */,
				0D18C89614439F0A00929215 /* TWZSettingsViewController.m in Sources */,
				0D18C89B1443A49A00929215 /* TWZSourceEditorViewController.m in Sources */,
				0D18C8A21443B57600929215 /* TWZSourcePreset.m in Sources */,
				0D18C8AB1443C00300929215 /* TWZSettingPicker.m in Sources */,
				0D18C8B214442A7E00929215 /* UIColor+TweezerExtensions.m in Sources */,
				0DA4015714461668008F3DA6 /* TWZSourceHeaderView.m in Sources */,
				0DA4015C14461ACB008F3DA6 /* BHTextFieldCell.m in Sources */,
				0DA401611446212A008F3DA6 /* UIColor+BHExtensions.m in Sources */,
				0D0F5D26144773490081E352 /* TWZTextAnimationView.m in Sources */,
				0D0F5D2E1447AC100081E352 /* TWZGlyphLayer.m in Sources */,
				0DC6F843144F9AC0000D1B85 /* TWZQuoteView.m in Sources */,
			);
			runOnlyForDeploymentPostprocessing = 0;
		};
		0DB4986F143E64D5008815EB /* Sources */ = {
			isa = PBXSourcesBuildPhase;
			buildActionMask = 2147483647;
			files = (
				0DB49884143E64D5008815EB /* TweezerTests.m in Sources */,
			);
			runOnlyForDeploymentPostprocessing = 0;
		};
/* End PBXSourcesBuildPhase section */

/* Begin PBXTargetDependency section */
		0DB4987B143E64D5008815EB /* PBXTargetDependency */ = {
			isa = PBXTargetDependency;
			target = 0DB49852143E64D5008815EB /* Tweezer */;
			targetProxy = 0DB4987A143E64D5008815EB /* PBXContainerItemProxy */;
		};
		0DC178B4143FEF32002CD4C3 /* PBXTargetDependency */ = {
			isa = PBXTargetDependency;
			name = RestKit;
			targetProxy = 0DC178B3143FEF32002CD4C3 /* PBXContainerItemProxy */;
		};
/* End PBXTargetDependency section */

/* Begin PBXVariantGroup section */
		0DB49860143E64D5008815EB /* InfoPlist.strings */ = {
			isa = PBXVariantGroup;
			children = (
				0DB49861143E64D5008815EB /* en */,
			);
			name = InfoPlist.strings;
			sourceTree = "<group>";
		};
		0DB4987F143E64D5008815EB /* InfoPlist.strings */ = {
			isa = PBXVariantGroup;
			children = (
				0DB49880143E64D5008815EB /* en */,
			);
			name = InfoPlist.strings;
			sourceTree = "<group>";
		};
/* End PBXVariantGroup section */

/* Begin XCBuildConfiguration section */
		0DB49885143E64D5008815EB /* Debug */ = {
			isa = XCBuildConfiguration;
			buildSettings = {
				ALWAYS_SEARCH_USER_PATHS = NO;
				ARCHS = "$(ARCHS_STANDARD_32_BIT)";
				CLANG_ENABLE_OBJC_ARC = NO;
				"CODE_SIGN_IDENTITY[sdk=iphoneos*]" = "iPhone Developer";
				COPY_PHASE_STRIP = NO;
				GCC_C_LANGUAGE_STANDARD = gnu99;
				GCC_DYNAMIC_NO_PIC = NO;
				GCC_OPTIMIZATION_LEVEL = 0;
				GCC_PREPROCESSOR_DEFINITIONS = (
					"DEBUG=1",
					"$(inherited)",
				);
				GCC_SYMBOLS_PRIVATE_EXTERN = NO;
				GCC_VERSION = com.apple.compilers.llvm.clang.1_0;
				GCC_WARN_ABOUT_MISSING_PROTOTYPES = YES;
				GCC_WARN_ABOUT_RETURN_TYPE = YES;
				GCC_WARN_UNUSED_VARIABLE = YES;
				HEADER_SEARCH_PATHS = "\"$(SOURCE_ROOT)/../RestKit/Build\"";
				IPHONEOS_DEPLOYMENT_TARGET = 4.3;
				LIBRARY_SEARCH_PATHS = "\"$(SOURCE_ROOT)/../RestKit/Build/$(BUILD_STYLE)-$(PLATFORM_NAME)\"";
				SDKROOT = iphoneos;
			};
			name = Debug;
		};
		0DB49886143E64D5008815EB /* Release */ = {
			isa = XCBuildConfiguration;
			buildSettings = {
				ALWAYS_SEARCH_USER_PATHS = NO;
				ARCHS = "$(ARCHS_STANDARD_32_BIT)";
				CLANG_ENABLE_OBJC_ARC = NO;
				"CODE_SIGN_IDENTITY[sdk=iphoneos*]" = "iPhone Developer";
				COPY_PHASE_STRIP = YES;
				GCC_C_LANGUAGE_STANDARD = gnu99;
				GCC_VERSION = com.apple.compilers.llvm.clang.1_0;
				GCC_WARN_ABOUT_MISSING_PROTOTYPES = YES;
				GCC_WARN_ABOUT_RETURN_TYPE = YES;
				GCC_WARN_UNUSED_VARIABLE = YES;
				HEADER_SEARCH_PATHS = "\"$(SOURCE_ROOT)/../RestKit/Build\"";
				IPHONEOS_DEPLOYMENT_TARGET = 4.3;
				LIBRARY_SEARCH_PATHS = "\"$(SOURCE_ROOT)/../RestKit/Build/$(BUILD_STYLE)-$(PLATFORM_NAME)\"";
				OTHER_CFLAGS = "-DNS_BLOCK_ASSERTIONS=1";
				SDKROOT = iphoneos;
				VALIDATE_PRODUCT = YES;
			};
			name = Release;
		};
		0DB49888143E64D5008815EB /* Debug */ = {
			isa = XCBuildConfiguration;
			buildSettings = {
				GCC_PRECOMPILE_PREFIX_HEADER = YES;
				GCC_PREFIX_HEADER = "Tweezer/Tweezer-Prefix.pch";
				HEADER_SEARCH_PATHS = "\"$(SOURCE_ROOT)/../RestKit/Build\"";
				INFOPLIST_FILE = "Tweezer/Tweezer-Info.plist";
				IPHONEOS_DEPLOYMENT_TARGET = 4.3;
				LIBRARY_SEARCH_PATHS = "$(inherited)";
				OTHER_LDFLAGS = "-ObjC";
				PRODUCT_NAME = "$(TARGET_NAME)";
				WRAPPER_EXTENSION = app;
			};
			name = Debug;
		};
		0DB49889143E64D5008815EB /* Release */ = {
			isa = XCBuildConfiguration;
			buildSettings = {
				GCC_PRECOMPILE_PREFIX_HEADER = YES;
				GCC_PREFIX_HEADER = "Tweezer/Tweezer-Prefix.pch";
				HEADER_SEARCH_PATHS = "\"$(SOURCE_ROOT)/../RestKit/Build\"";
				INFOPLIST_FILE = "Tweezer/Tweezer-Info.plist";
				IPHONEOS_DEPLOYMENT_TARGET = 4.3;
				LIBRARY_SEARCH_PATHS = "$(inherited)";
				OTHER_LDFLAGS = "-ObjC";
				PRODUCT_NAME = "$(TARGET_NAME)";
				WRAPPER_EXTENSION = app;
			};
			name = Release;
		};
		0DB4988B143E64D5008815EB /* Debug */ = {
			isa = XCBuildConfiguration;
			buildSettings = {
				BUNDLE_LOADER = "$(BUILT_PRODUCTS_DIR)/Tweezer.app/Tweezer";
				FRAMEWORK_SEARCH_PATHS = (
					"$(SDKROOT)/Developer/Library/Frameworks",
					"$(DEVELOPER_LIBRARY_DIR)/Frameworks",
				);
				GCC_PRECOMPILE_PREFIX_HEADER = YES;
				GCC_PREFIX_HEADER = "Tweezer/Tweezer-Prefix.pch";
				INFOPLIST_FILE = "TweezerTests/TweezerTests-Info.plist";
				PRODUCT_NAME = "$(TARGET_NAME)";
				TEST_HOST = "$(BUNDLE_LOADER)";
				WRAPPER_EXTENSION = octest;
			};
			name = Debug;
		};
		0DB4988C143E64D5008815EB /* Release */ = {
			isa = XCBuildConfiguration;
			buildSettings = {
				BUNDLE_LOADER = "$(BUILT_PRODUCTS_DIR)/Tweezer.app/Tweezer";
				FRAMEWORK_SEARCH_PATHS = (
					"$(SDKROOT)/Developer/Library/Frameworks",
					"$(DEVELOPER_LIBRARY_DIR)/Frameworks",
				);
				GCC_PRECOMPILE_PREFIX_HEADER = YES;
				GCC_PREFIX_HEADER = "Tweezer/Tweezer-Prefix.pch";
				INFOPLIST_FILE = "TweezerTests/TweezerTests-Info.plist";
				PRODUCT_NAME = "$(TARGET_NAME)";
				TEST_HOST = "$(BUNDLE_LOADER)";
				WRAPPER_EXTENSION = octest;
			};
			name = Release;
		};
/* End XCBuildConfiguration section */

/* Begin XCConfigurationList section */
		0DB4984D143E64D5008815EB /* Build configuration list for PBXProject "Tweezer" */ = {
			isa = XCConfigurationList;
			buildConfigurations = (
				0DB49885143E64D5008815EB /* Debug */,
				0DB49886143E64D5008815EB /* Release */,
			);
			defaultConfigurationIsVisible = 0;
			defaultConfigurationName = Release;
		};
		0DB49887143E64D5008815EB /* Build configuration list for PBXNativeTarget "Tweezer" */ = {
			isa = XCConfigurationList;
			buildConfigurations = (
				0DB49888143E64D5008815EB /* Debug */,
				0DB49889143E64D5008815EB /* Release */,
			);
			defaultConfigurationIsVisible = 0;
			defaultConfigurationName = Release;
		};
		0DB4988A143E64D5008815EB /* Build configuration list for PBXNativeTarget "TweezerTests" */ = {
			isa = XCConfigurationList;
			buildConfigurations = (
				0DB4988B143E64D5008815EB /* Debug */,
				0DB4988C143E64D5008815EB /* Release */,
			);
			defaultConfigurationIsVisible = 0;
			defaultConfigurationName = Release;
		};
/* End XCConfigurationList section */
	};
	rootObject = 0DB4984A143E64D5008815EB /* Project object */;
}
